[{<<"myriad">>,
  {git,"git://github.com/Olivier-Boudeville/Ceylan-Myriad",
       {ref,"93c7931792400c2f12097e295f05539ac7e82b29"}},
  0},
 {<<"traces">>,
  {git,"git://github.com/Olivier-Boudeville/Ceylan-Traces",
       {ref,"c175056ebc4589fddfdbb5f070f2b060939d3a6f"}},
  0},
 {<<"wooper">>,
  {git,"git://github.com/Olivier-Boudeville/Ceylan-WOOPER",
       {ref,"1c7d5b56db24fef296719e985d7fa528b3c89b72"}},
  0}].
