[{<<"myriad">>,
  {git,"https://github.com/Olivier-Boudeville/Ceylan-Myriad.git",
       {ref,"66e85ad25b84fddcf682243fddf21738934c9936"}},
  0},
 {<<"traces">>,
  {git,"https://github.com/Olivier-Boudeville/Ceylan-Traces.git",
       {ref,"4725e63689e9b1947ee6b1a4f98ccc9e0547adcf"}},
  0},
 {<<"wooper">>,
  {git,"https://github.com/Olivier-Boudeville/Ceylan-WOOPER.git",
       {ref,"fea7dce87e41aa396b302e8fdc2e6e0bb044e108"}},
  0}].
