[{<<"myriad">>,
  {git,"https://github.com/Olivier-Boudeville/Ceylan-Myriad.git",
       {ref,"d87f152fd78308540e2e6c6b19f7b9e147e50f62"}},
  0},
 {<<"traces">>,
  {git,"https://github.com/Olivier-Boudeville/Ceylan-Traces.git",
       {ref,"b5e24fb65d63ac812803e0a2b356ea54a534dee5"}},
  0},
 {<<"wooper">>,
  {git,"https://github.com/Olivier-Boudeville/Ceylan-WOOPER.git",
       {ref,"58be9957b8bd46cee0d2dafa38318f7de99db637"}},
  0}].
